
Microsoft Visual Studio Solution File, Format Version 12.00
# Visual Studio 2012
Project("{FAE04EC0-301F-11D3-BF4B-00C04F79EFBC}") = "ExternalLibrary_ios", "ExternalLibrary_ios\ExternalLibrary_ios.csproj", "{430B947D-B420-415F-AE3A-877B097F446C}"
EndProject
Project("{FAE04EC0-301F-11D3-BF4B-00C04F79EFBC}") = "BoiseCodeCamp_Android", "BoiseCodeCamp_Android\BoiseCodeCamp_Android.csproj", "{14956611-28BD-41A1-B700-94C807CDE0C3}"
EndProject
Project("{FAE04EC0-301F-11D3-BF4B-00C04F79EFBC}") = "MyExternalLibrary_Android", "MyExternalLibrary_Android\MyExternalLibrary_Android.csproj", "{64166175-3534-497C-B2D5-E39942E294B8}"
EndProject
Global
	GlobalSection(SolutionConfigurationPlatforms) = preSolution
		Ad-Hoc|Any CPU = Ad-Hoc|Any CPU
		Ad-Hoc|iPhone = Ad-Hoc|iPhone
		Ad-Hoc|iPhoneSimulator = Ad-Hoc|iPhoneSimulator
		Ad-Hoc|Mixed Platforms = Ad-Hoc|Mixed Platforms
		AppStore|Any CPU = AppStore|Any CPU
		AppStore|iPhone = AppStore|iPhone
		AppStore|iPhoneSimulator = AppStore|iPhoneSimulator
		AppStore|Mixed Platforms = AppStore|Mixed Platforms
		Debug|Any CPU = Debug|Any CPU
		Debug|iPhone = Debug|iPhone
		Debug|iPhoneSimulator = Debug|iPhoneSimulator
		Debug|Mixed Platforms = Debug|Mixed Platforms
		Release|Any CPU = Release|Any CPU
		Release|iPhone = Release|iPhone
		Release|iPhoneSimulator = Release|iPhoneSimulator
		Release|Mixed Platforms = Release|Mixed Platforms
	EndGlobalSection
	GlobalSection(ProjectConfigurationPlatforms) = postSolution
		{430B947D-B420-415F-AE3A-877B097F446C}.Ad-Hoc|Any CPU.ActiveCfg = Ad-Hoc|iPhone
		{430B947D-B420-415F-AE3A-877B097F446C}.Ad-Hoc|iPhone.ActiveCfg = Ad-Hoc|iPhone
		{430B947D-B420-415F-AE3A-877B097F446C}.Ad-Hoc|iPhone.Build.0 = Ad-Hoc|iPhone
		{430B947D-B420-415F-AE3A-877B097F446C}.Ad-Hoc|iPhoneSimulator.ActiveCfg = Ad-Hoc|iPhoneSimulator
		{430B947D-B420-415F-AE3A-877B097F446C}.Ad-Hoc|iPhoneSimulator.Build.0 = Ad-Hoc|iPhoneSimulator
		{430B947D-B420-415F-AE3A-877B097F446C}.Ad-Hoc|Mixed Platforms.ActiveCfg = Ad-Hoc|iPhone
		{430B947D-B420-415F-AE3A-877B097F446C}.Ad-Hoc|Mixed Platforms.Build.0 = Ad-Hoc|iPhone
		{430B947D-B420-415F-AE3A-877B097F446C}.AppStore|Any CPU.ActiveCfg = AppStore|iPhone
		{430B947D-B420-415F-AE3A-877B097F446C}.AppStore|iPhone.ActiveCfg = AppStore|iPhone
		{430B947D-B420-415F-AE3A-877B097F446C}.AppStore|iPhone.Build.0 = AppStore|iPhone
		{430B947D-B420-415F-AE3A-877B097F446C}.AppStore|iPhoneSimulator.ActiveCfg = AppStore|iPhoneSimulator
		{430B947D-B420-415F-AE3A-877B097F446C}.AppStore|iPhoneSimulator.Build.0 = AppStore|iPhoneSimulator
		{430B947D-B420-415F-AE3A-877B097F446C}.AppStore|Mixed Platforms.ActiveCfg = AppStore|iPhone
		{430B947D-B420-415F-AE3A-877B097F446C}.AppStore|Mixed Platforms.Build.0 = AppStore|iPhone
		{430B947D-B420-415F-AE3A-877B097F446C}.Debug|Any CPU.ActiveCfg = Debug|iPhone
		{430B947D-B420-415F-AE3A-877B097F446C}.Debug|iPhone.ActiveCfg = Debug|iPhone
		{430B947D-B420-415F-AE3A-877B097F446C}.Debug|iPhone.Build.0 = Debug|iPhone
		{430B947D-B420-415F-AE3A-877B097F446C}.Debug|iPhoneSimulator.ActiveCfg = Debug|iPhoneSimulator
		{430B947D-B420-415F-AE3A-877B097F446C}.Debug|iPhoneSimulator.Build.0 = Debug|iPhoneSimulator
		{430B947D-B420-415F-AE3A-877B097F446C}.Debug|Mixed Platforms.ActiveCfg = Debug|iPhone
		{430B947D-B420-415F-AE3A-877B097F446C}.Debug|Mixed Platforms.Build.0 = Debug|iPhone
		{430B947D-B420-415F-AE3A-877B097F446C}.Release|Any CPU.ActiveCfg = Release|iPhone
		{430B947D-B420-415F-AE3A-877B097F446C}.Release|iPhone.ActiveCfg = Release|iPhone
		{430B947D-B420-415F-AE3A-877B097F446C}.Release|iPhone.Build.0 = Release|iPhone
		{430B947D-B420-415F-AE3A-877B097F446C}.Release|iPhoneSimulator.ActiveCfg = Release|iPhoneSimulator
		{430B947D-B420-415F-AE3A-877B097F446C}.Release|iPhoneSimulator.Build.0 = Release|iPhoneSimulator
		{430B947D-B420-415F-AE3A-877B097F446C}.Release|Mixed Platforms.ActiveCfg = Release|iPhone
		{430B947D-B420-415F-AE3A-877B097F446C}.Release|Mixed Platforms.Build.0 = Release|iPhone
		{14956611-28BD-41A1-B700-94C807CDE0C3}.Ad-Hoc|Any CPU.ActiveCfg = Release|Any CPU
		{14956611-28BD-41A1-B700-94C807CDE0C3}.Ad-Hoc|Any CPU.Build.0 = Release|Any CPU
		{14956611-28BD-41A1-B700-94C807CDE0C3}.Ad-Hoc|Any CPU.Deploy.0 = Release|Any CPU
		{14956611-28BD-41A1-B700-94C807CDE0C3}.Ad-Hoc|iPhone.ActiveCfg = Release|Any CPU
		{14956611-28BD-41A1-B700-94C807CDE0C3}.Ad-Hoc|iPhoneSimulator.ActiveCfg = Release|Any CPU
		{14956611-28BD-41A1-B700-94C807CDE0C3}.Ad-Hoc|Mixed Platforms.ActiveCfg = Release|Any CPU
		{14956611-28BD-41A1-B700-94C807CDE0C3}.Ad-Hoc|Mixed Platforms.Build.0 = Release|Any CPU
		{14956611-28BD-41A1-B700-94C807CDE0C3}.Ad-Hoc|Mixed Platforms.Deploy.0 = Release|Any CPU
		{14956611-28BD-41A1-B700-94C807CDE0C3}.AppStore|Any CPU.ActiveCfg = Release|Any CPU
		{14956611-28BD-41A1-B700-94C807CDE0C3}.AppStore|Any CPU.Build.0 = Release|Any CPU
		{14956611-28BD-41A1-B700-94C807CDE0C3}.AppStore|Any CPU.Deploy.0 = Release|Any CPU
		{14956611-28BD-41A1-B700-94C807CDE0C3}.AppStore|iPhone.ActiveCfg = Release|Any CPU
		{14956611-28BD-41A1-B700-94C807CDE0C3}.AppStore|iPhoneSimulator.ActiveCfg = Release|Any CPU
		{14956611-28BD-41A1-B700-94C807CDE0C3}.AppStore|Mixed Platforms.ActiveCfg = Release|Any CPU
		{14956611-28BD-41A1-B700-94C807CDE0C3}.AppStore|Mixed Platforms.Build.0 = Release|Any CPU
		{14956611-28BD-41A1-B700-94C807CDE0C3}.AppStore|Mixed Platforms.Deploy.0 = Release|Any CPU
		{14956611-28BD-41A1-B700-94C807CDE0C3}.Debug|Any CPU.ActiveCfg = Debug|Any CPU
		{14956611-28BD-41A1-B700-94C807CDE0C3}.Debug|Any CPU.Build.0 = Debug|Any CPU
		{14956611-28BD-41A1-B700-94C807CDE0C3}.Debug|Any CPU.Deploy.0 = Debug|Any CPU
		{14956611-28BD-41A1-B700-94C807CDE0C3}.Debug|iPhone.ActiveCfg = Debug|Any CPU
		{14956611-28BD-41A1-B700-94C807CDE0C3}.Debug|iPhoneSimulator.ActiveCfg = Debug|Any CPU
		{14956611-28BD-41A1-B700-94C807CDE0C3}.Debug|Mixed Platforms.ActiveCfg = Debug|Any CPU
		{14956611-28BD-41A1-B700-94C807CDE0C3}.Debug|Mixed Platforms.Build.0 = Debug|Any CPU
		{14956611-28BD-41A1-B700-94C807CDE0C3}.Debug|Mixed Platforms.Deploy.0 = Debug|Any CPU
		{14956611-28BD-41A1-B700-94C807CDE0C3}.Release|Any CPU.ActiveCfg = Release|Any CPU
		{14956611-28BD-41A1-B700-94C807CDE0C3}.Release|Any CPU.Build.0 = Release|Any CPU
		{14956611-28BD-41A1-B700-94C807CDE0C3}.Release|Any CPU.Deploy.0 = Release|Any CPU
		{14956611-28BD-41A1-B700-94C807CDE0C3}.Release|iPhone.ActiveCfg = Release|Any CPU
		{14956611-28BD-41A1-B700-94C807CDE0C3}.Release|iPhoneSimulator.ActiveCfg = Release|Any CPU
		{14956611-28BD-41A1-B700-94C807CDE0C3}.Release|Mixed Platforms.ActiveCfg = Release|Any CPU
		{14956611-28BD-41A1-B700-94C807CDE0C3}.Release|Mixed Platforms.Build.0 = Release|Any CPU
		{14956611-28BD-41A1-B700-94C807CDE0C3}.Release|Mixed Platforms.Deploy.0 = Release|Any CPU
		{64166175-3534-497C-B2D5-E39942E294B8}.Ad-Hoc|Any CPU.ActiveCfg = Release|Any CPU
		{64166175-3534-497C-B2D5-E39942E294B8}.Ad-Hoc|Any CPU.Build.0 = Release|Any CPU
		{64166175-3534-497C-B2D5-E39942E294B8}.Ad-Hoc|iPhone.ActiveCfg = Release|Any CPU
		{64166175-3534-497C-B2D5-E39942E294B8}.Ad-Hoc|iPhoneSimulator.ActiveCfg = Release|Any CPU
		{64166175-3534-497C-B2D5-E39942E294B8}.Ad-Hoc|Mixed Platforms.ActiveCfg = Release|Any CPU
		{64166175-3534-497C-B2D5-E39942E294B8}.Ad-Hoc|Mixed Platforms.Build.0 = Release|Any CPU
		{64166175-3534-497C-B2D5-E39942E294B8}.AppStore|Any CPU.ActiveCfg = Release|Any CPU
		{64166175-3534-497C-B2D5-E39942E294B8}.AppStore|Any CPU.Build.0 = Release|Any CPU
		{64166175-3534-497C-B2D5-E39942E294B8}.AppStore|iPhone.ActiveCfg = Release|Any CPU
		{64166175-3534-497C-B2D5-E39942E294B8}.AppStore|iPhoneSimulator.ActiveCfg = Release|Any CPU
		{64166175-3534-497C-B2D5-E39942E294B8}.AppStore|Mixed Platforms.ActiveCfg = Release|Any CPU
		{64166175-3534-497C-B2D5-E39942E294B8}.AppStore|Mixed Platforms.Build.0 = Release|Any CPU
		{64166175-3534-497C-B2D5-E39942E294B8}.Debug|Any CPU.ActiveCfg = Debug|Any CPU
		{64166175-3534-497C-B2D5-E39942E294B8}.Debug|Any CPU.Build.0 = Debug|Any CPU
		{64166175-3534-497C-B2D5-E39942E294B8}.Debug|iPhone.ActiveCfg = Debug|Any CPU
		{64166175-3534-497C-B2D5-E39942E294B8}.Debug|iPhoneSimulator.ActiveCfg = Debug|Any CPU
		{64166175-3534-497C-B2D5-E39942E294B8}.Debug|Mixed Platforms.ActiveCfg = Debug|Any CPU
		{64166175-3534-497C-B2D5-E39942E294B8}.Debug|Mixed Platforms.Build.0 = Debug|Any CPU
		{64166175-3534-497C-B2D5-E39942E294B8}.Release|Any CPU.ActiveCfg = Release|Any CPU
		{64166175-3534-497C-B2D5-E39942E294B8}.Release|Any CPU.Build.0 = Release|Any CPU
		{64166175-3534-497C-B2D5-E39942E294B8}.Release|iPhone.ActiveCfg = Release|Any CPU
		{64166175-3534-497C-B2D5-E39942E294B8}.Release|iPhoneSimulator.ActiveCfg = Release|Any CPU
		{64166175-3534-497C-B2D5-E39942E294B8}.Release|Mixed Platforms.ActiveCfg = Release|Any CPU
		{64166175-3534-497C-B2D5-E39942E294B8}.Release|Mixed Platforms.Build.0 = Release|Any CPU
	EndGlobalSection
	GlobalSection(SolutionProperties) = preSolution
		HideSolutionNode = FALSE
	EndGlobalSection
	GlobalSection(MonoDevelopProperties) = preSolution
		StartupItem = BoiseCodeCamp_Android\BoiseCodeCamp_Android.csproj
	EndGlobalSection
EndGlobal
